// !$*UTF8*$!
{
	archiveVersion = 1;
	classes = {
	};
	objectVersion = 50;
	objects = {

/* Begin PBXBuildFile section */
		907DEE7420AD361E00FBEA6E /* AppDelegate.swift in Sources */ = {isa = PBXBuildFile; fileRef = 907DEE7320AD361E00FBEA6E /* AppDelegate.swift */; };
		907DEE7620AD361E00FBEA6E /* ViewController.swift in Sources */ = {isa = PBXBuildFile; fileRef = 907DEE7520AD361E00FBEA6E /* ViewController.swift */; };
		907DEE7920AD361E00FBEA6E /* Main.storyboard in Resources */ = {isa = PBXBuildFile; fileRef = 907DEE7720AD361E00FBEA6E /* Main.storyboard */; };
		907DEE7B20AD362100FBEA6E /* Assets.xcassets in Resources */ = {isa = PBXBuildFile; fileRef = 907DEE7A20AD362100FBEA6E /* Assets.xcassets */; };
		907DEE7E20AD362100FBEA6E /* LaunchScreen.storyboard in Resources */ = {isa = PBXBuildFile; fileRef = 907DEE7C20AD362100FBEA6E /* LaunchScreen.storyboard */; };
		907DEE8D20AD3B3200FBEA6E /* LoginController.swift in Sources */ = {isa = PBXBuildFile; fileRef = 907DEE8C20AD3B3200FBEA6E /* LoginController.swift */; };
		907DEE8F20AD4AA300FBEA6E /* ProfileController.swift in Sources */ = {isa = PBXBuildFile; fileRef = 907DEE8E20AD4AA300FBEA6E /* ProfileController.swift */; };
		909497A120B1CC4300709760 /* HouseModel.swift in Sources */ = {isa = PBXBuildFile; fileRef = 909497A020B1CC4300709760 /* HouseModel.swift */; };
		909497A320B1D1D600709760 /* UserModel.swift in Sources */ = {isa = PBXBuildFile; fileRef = 909497A220B1D1D600709760 /* UserModel.swift */; };
		909497A520B1E30300709760 /* HouseDetailViewController.swift in Sources */ = {isa = PBXBuildFile; fileRef = 909497A420B1E30300709760 /* HouseDetailViewController.swift */; };
		90A3F8C720B14A36007534A9 /* HomeListViewController.swift in Sources */ = {isa = PBXBuildFile; fileRef = 90A3F8C620B14A36007534A9 /* HomeListViewController.swift */; };
		90A3F8CB20B14CE1007534A9 /* HomeViewCell.swift in Sources */ = {isa = PBXBuildFile; fileRef = 90A3F8CA20B14CE1007534A9 /* HomeViewCell.swift */; };
		90C08BA820AE5A100071E798 /* RegisterController.swift in Sources */ = {isa = PBXBuildFile; fileRef = 90C08BA720AE5A100071E798 /* RegisterController.swift */; };
/* End PBXBuildFile section */

/* Begin PBXFileReference section */
		907DEE7020AD361E00FBEA6E /* RealEstateApp.app */ = {isa = PBXFileReference; explicitFileType = wrapper.application; includeInIndex = 0; path = RealEstateApp.app; sourceTree = BUILT_PRODUCTS_DIR; };
		907DEE7320AD361E00FBEA6E /* AppDelegate.swift */ = {isa = PBXFileReference; lastKnownFileType = sourcecode.swift; path = AppDelegate.swift; sourceTree = "<group>"; };
		907DEE7520AD361E00FBEA6E /* ViewController.swift */ = {isa = PBXFileReference; lastKnownFileType = sourcecode.swift; path = ViewController.swift; sourceTree = "<group>"; };
		907DEE7820AD361E00FBEA6E /* Base */ = {isa = PBXFileReference; lastKnownFileType = file.storyboard; name = Base; path = Base.lproj/Main.storyboard; sourceTree = "<group>"; };
		907DEE7A20AD362100FBEA6E /* Assets.xcassets */ = {isa = PBXFileReference; lastKnownFileType = folder.assetcatalog; path = Assets.xcassets; sourceTree = "<group>"; };
		907DEE7D20AD362100FBEA6E /* Base */ = {isa = PBXFileReference; lastKnownFileType = file.storyboard; name = Base; path = Base.lproj/LaunchScreen.storyboard; sourceTree = "<group>"; };
		907DEE7F20AD362100FBEA6E /* Info.plist */ = {isa = PBXFileReference; lastKnownFileType = text.plist.xml; path = Info.plist; sourceTree = "<group>"; };
		907DEE8C20AD3B3200FBEA6E /* LoginController.swift */ = {isa = PBXFileReference; lastKnownFileType = sourcecode.swift; path = LoginController.swift; sourceTree = "<group>"; };
		907DEE8E20AD4AA300FBEA6E /* ProfileController.swift */ = {isa = PBXFileReference; lastKnownFileType = sourcecode.swift; path = ProfileController.swift; sourceTree = "<group>"; };
		909497A020B1CC4300709760 /* HouseModel.swift */ = {isa = PBXFileReference; lastKnownFileType = sourcecode.swift; path = HouseModel.swift; sourceTree = "<group>"; };
		909497A220B1D1D600709760 /* UserModel.swift */ = {isa = PBXFileReference; lastKnownFileType = sourcecode.swift; path = UserModel.swift; sourceTree = "<group>"; };
		909497A420B1E30300709760 /* HouseDetailViewController.swift */ = {isa = PBXFileReference; lastKnownFileType = sourcecode.swift; path = HouseDetailViewController.swift; sourceTree = "<group>"; };
		90A3F8C620B14A36007534A9 /* HomeListViewController.swift */ = {isa = PBXFileReference; lastKnownFileType = sourcecode.swift; path = HomeListViewController.swift; sourceTree = "<group>"; };
		90A3F8CA20B14CE1007534A9 /* HomeViewCell.swift */ = {isa = PBXFileReference; lastKnownFileType = sourcecode.swift; path = HomeViewCell.swift; sourceTree = "<group>"; };
		90C08BA720AE5A100071E798 /* RegisterController.swift */ = {isa = PBXFileReference; lastKnownFileType = sourcecode.swift; path = RegisterController.swift; sourceTree = "<group>"; };
/* End PBXFileReference section */

/* Begin PBXFrameworksBuildPhase section */
		907DEE6D20AD361E00FBEA6E /* Frameworks */ = {
			isa = PBXFrameworksBuildPhase;
			buildActionMask = 2147483647;
			files = (
			);
			runOnlyForDeploymentPostprocessing = 0;
		};
/* End PBXFrameworksBuildPhase section */

/* Begin PBXGroup section */
		907DEE6720AD361E00FBEA6E = {
			isa = PBXGroup;
			children = (
				907DEE7220AD361E00FBEA6E /* RealEstateApp */,
				907DEE7120AD361E00FBEA6E /* Products */,
			);
			sourceTree = "<group>";
		};
		907DEE7120AD361E00FBEA6E /* Products */ = {
			isa = PBXGroup;
			children = (
				907DEE7020AD361E00FBEA6E /* RealEstateApp.app */,
			);
			name = Products;
			sourceTree = "<group>";
		};
		907DEE7220AD361E00FBEA6E /* RealEstateApp */ = {
			isa = PBXGroup;
			children = (
				907DEE8720AD3A0600FBEA6E /* Controller */,
				907DEE8620AD3A0000FBEA6E /* View */,
				907DEE8520AD39F900FBEA6E /* Model */,
				907DEE7A20AD362100FBEA6E /* Assets.xcassets */,
				907DEE7C20AD362100FBEA6E /* LaunchScreen.storyboard */,
				907DEE7F20AD362100FBEA6E /* Info.plist */,
			);
			path = RealEstateApp;
			sourceTree = "<group>";
		};
		907DEE8520AD39F900FBEA6E /* Model */ = {
			isa = PBXGroup;
			children = (
				909497A020B1CC4300709760 /* HouseModel.swift */,
				909497A220B1D1D600709760 /* UserModel.swift */,
			);
			path = Model;
			sourceTree = "<group>";
		};
		907DEE8620AD3A0000FBEA6E /* View */ = {
			isa = PBXGroup;
			children = (
				907DEE7720AD361E00FBEA6E /* Main.storyboard */,
			);
			path = View;
			sourceTree = "<group>";
		};
		907DEE8720AD3A0600FBEA6E /* Controller */ = {
			isa = PBXGroup;
			children = (
				907DEE7320AD361E00FBEA6E /* AppDelegate.swift */,
				907DEE7520AD361E00FBEA6E /* ViewController.swift */,
				907DEE8C20AD3B3200FBEA6E /* LoginController.swift */,
				907DEE8E20AD4AA300FBEA6E /* ProfileController.swift */,
				90C08BA720AE5A100071E798 /* RegisterController.swift */,
				90A3F8C620B14A36007534A9 /* HomeListViewController.swift */,
				90A3F8CA20B14CE1007534A9 /* HomeViewCell.swift */,
				909497A420B1E30300709760 /* HouseDetailViewController.swift */,
			);
			path = Controller;
			sourceTree = "<group>";
		};
/* End PBXGroup section */

/* Begin PBXNativeTarget section */
		907DEE6F20AD361E00FBEA6E /* RealEstateApp */ = {
			isa = PBXNativeTarget;
			buildConfigurationList = 907DEE8220AD362100FBEA6E /* Build configuration list for PBXNativeTarget "RealEstateApp" */;
			buildPhases = (
				907DEE6C20AD361E00FBEA6E /* Sources */,
				907DEE6D20AD361E00FBEA6E /* Frameworks */,
				907DEE6E20AD361E00FBEA6E /* Resources */,
			);
			buildRules = (
			);
			dependencies = (
			);
			name = RealEstateApp;
			productName = RealEstateApp;
			productReference = 907DEE7020AD361E00FBEA6E /* RealEstateApp.app */;
			productType = "com.apple.product-type.application";
		};
/* End PBXNativeTarget section */

/* Begin PBXProject section */
		907DEE6820AD361E00FBEA6E /* Project object */ = {
			isa = PBXProject;
			attributes = {
				LastSwiftUpdateCheck = 0930;
				LastUpgradeCheck = 0930;
				ORGANIZATIONNAME = "Stephanie Zuniga";
				TargetAttributes = {
					907DEE6F20AD361E00FBEA6E = {
						CreatedOnToolsVersion = 9.3.1;
					};
				};
			};
			buildConfigurationList = 907DEE6B20AD361E00FBEA6E /* Build configuration list for PBXProject "RealEstateApp" */;
			compatibilityVersion = "Xcode 9.3";
			developmentRegion = en;
			hasScannedForEncodings = 0;
			knownRegions = (
				en,
				Base,
			);
			mainGroup = 907DEE6720AD361E00FBEA6E;
			productRefGroup = 907DEE7120AD361E00FBEA6E /* Products */;
			projectDirPath = "";
			projectRoot = "";
			targets = (
				907DEE6F20AD361E00FBEA6E /* RealEstateApp */,
			);
		};
/* End PBXProject section */

/* Begin PBXResourcesBuildPhase section */
		907DEE6E20AD361E00FBEA6E /* Resources */ = {
			isa = PBXResourcesBuildPhase;
			buildActionMask = 2147483647;
			files = (
				907DEE7E20AD362100FBEA6E /* LaunchScreen.storyboard in Resources */,
				907DEE7B20AD362100FBEA6E /* Assets.xcassets in Resources */,
				907DEE7920AD361E00FBEA6E /* Main.storyboard in Resources */,
			);
			runOnlyForDeploymentPostprocessing = 0;
		};
/* End PBXResourcesBuildPhase section */

/* Begin PBXSourcesBuildPhase section */
		907DEE6C20AD361E00FBEA6E /* Sources */ = {
			isa = PBXSourcesBuildPhase;
			buildActionMask = 2147483647;
			files = (
				909497A520B1E30300709760 /* HouseDetailViewController.swift in Sources */,
				909497A120B1CC4300709760 /* HouseModel.swift in Sources */,
				90C08BA820AE5A100071E798 /* RegisterController.swift in Sources */,
				90A3F8C720B14A36007534A9 /* HomeListViewController.swift in Sources */,
				90A3F8CB20B14CE1007534A9 /* HomeViewCell.swift in Sources */,
				907DEE7620AD361E00FBEA6E /* ViewController.swift in Sources */,
				907DEE8D20AD3B3200FBEA6E /* LoginController.swift in Sources */,
				907DEE7420AD361E00FBEA6E /* AppDelegate.swift in Sources */,
				909497A320B1D1D600709760 /* UserModel.swift in Sources */,
				907DEE8F20AD4AA300FBEA6E /* ProfileController.swift in Sources */,
			);
			runOnlyForDeploymentPostprocessing = 0;
		};
/* End PBXSourcesBuildPhase section */

/* Begin PBXVariantGroup section */
		907DEE7720AD361E00FBEA6E /* Main.storyboard */ = {
			isa = PBXVariantGroup;
			children = (
				907DEE7820AD361E00FBEA6E /* Base */,
			);
			name = Main.storyboard;
			sourceTree = "<group>";
		};
		907DEE7C20AD362100FBEA6E /* LaunchScreen.storyboard */ = {
			isa = PBXVariantGroup;
			children = (
				907DEE7D20AD362100FBEA6E /* Base */,
			);
			name = LaunchScreen.storyboard;
			sourceTree = "<group>";
		};
/* End PBXVariantGroup section */

/* Begin XCBuildConfiguration section */
		907DEE8020AD362100FBEA6E /* Debug */ = {
			isa = XCBuildConfiguration;
			buildSettings = {
				ALWAYS_SEARCH_USER_PATHS = NO;
				CLANG_ANALYZER_NONNULL = YES;
				CLANG_ANALYZER_NUMBER_OBJECT_CONVERSION = YES_AGGRESSIVE;
				CLANG_CXX_LANGUAGE_STANDARD = "gnu++14";
				CLANG_CXX_LIBRARY = "libc++";
				CLANG_ENABLE_MODULES = YES;
				CLANG_ENABLE_OBJC_ARC = YES;
				CLANG_ENABLE_OBJC_WEAK = YES;
				CLANG_WARN_BLOCK_CAPTURE_AUTORELEASING = YES;
				CLANG_WARN_BOOL_CONVERSION = YES;
				CLANG_WARN_COMMA = YES;
				CLANG_WARN_CONSTANT_CONVERSION = YES;
				CLANG_WARN_DEPRECATED_OBJC_IMPLEMENTATIONS = YES;
				CLANG_WARN_DIRECT_OBJC_ISA_USAGE = YES_ERROR;
				CLANG_WARN_DOCUMENTATION_COMMENTS = YES;
				CLANG_WARN_EMPTY_BODY = YES;
				CLANG_WARN_ENUM_CONVERSION = YES;
				CLANG_WARN_INFINITE_RECURSION = YES;
				CLANG_WARN_INT_CONVERSION = YES;
				CLANG_WARN_NON_LITERAL_NULL_CONVERSION = YES;
				CLANG_WARN_OBJC_IMPLICIT_RETAIN_SELF = YES;
				CLANG_WARN_OBJC_LITERAL_CONVERSION = YES;
				CLANG_WARN_OBJC_ROOT_CLASS = YES_ERROR;
				CLANG_WARN_RANGE_LOOP_ANALYSIS = YES;
				CLANG_WARN_STRICT_PROTOTYPES = YES;
				CLANG_WARN_SUSPICIOUS_MOVE = YES;
				CLANG_WARN_UNGUARDED_AVAILABILITY = YES_AGGRESSIVE;
				CLANG_WARN_UNREACHABLE_CODE = YES;
				CLANG_WARN__DUPLICATE_METHOD_MATCH = YES;
				CODE_SIGN_IDENTITY = "iPhone Developer";
				COPY_PHASE_STRIP = NO;
				DEBUG_INFORMATION_FORMAT = dwarf;
				ENABLE_STRICT_OBJC_MSGSEND = YES;
				ENABLE_TESTABILITY = YES;
				GCC_C_LANGUAGE_STANDARD = gnu11;
				GCC_DYNAMIC_NO_PIC = NO;
				GCC_NO_COMMON_BLOCKS = YES;
				GCC_OPTIMIZATION_LEVEL = 0;
				GCC_PREPROCESSOR_DEFINITIONS = (
					"DEBUG=1",
					"$(inherited)",
				);
				GCC_WARN_64_TO_32_BIT_CONVERSION = YES;
				GCC_WARN_ABOUT_RETURN_TYPE = YES_ERROR;
				GCC_WARN_UNDECLARED_SELECTOR = YES;
				GCC_WARN_UNINITIALIZED_AUTOS = YES_AGGRESSIVE;
				GCC_WARN_UNUSED_FUNCTION = YES;
				GCC_WARN_UNUSED_VARIABLE = YES;
				IPHONEOS_DEPLOYMENT_TARGET = 11.3;
				MTL_ENABLE_DEBUG_INFO = YES;
				ONLY_ACTIVE_ARCH = YES;
				SDKROOT = iphoneos;
				SWIFT_ACTIVE_COMPILATION_CONDITIONS = DEBUG;
				SWIFT_OPTIMIZATION_LEVEL = "-Onone";
			};
			name = Debug;
		};
		907DEE8120AD362100FBEA6E /* Release */ = {
			isa = XCBuildConfiguration;
			buildSettings = {
				ALWAYS_SEARCH_USER_PATHS = NO;
				CLANG_ANALYZER_NONNULL = YES;
				CLANG_ANALYZER_NUMBER_OBJECT_CONVERSION = YES_AGGRESSIVE;
				CLANG_CXX_LANGUAGE_STANDARD = "gnu++14";
				CLANG_CXX_LIBRARY = "libc++";
				CLANG_ENABLE_MODULES = YES;
				CLANG_ENABLE_OBJC_ARC = YES;
				CLANG_ENABLE_OBJC_WEAK = YES;
				CLANG_WARN_BLOCK_CAPTURE_AUTORELEASING = YES;
				CLANG_WARN_BOOL_CONVERSION = YES;
				CLANG_WARN_COMMA = YES;
				CLANG_WARN_CONSTANT_CONVERSION = YES;
				CLANG_WARN_DEPRECATED_OBJC_IMPLEMENTATIONS = YES;
				CLANG_WARN_DIRECT_OBJC_ISA_USAGE = YES_ERROR;
				CLANG_WARN_DOCUMENTATION_COMMENTS = YES;
				CLANG_WARN_EMPTY_BODY = YES;
				CLANG_WARN_ENUM_CONVERSION = YES;
				CLANG_WARN_INFINITE_RECURSION = YES;
				CLANG_WARN_INT_CONVERSION = YES;
				CLANG_WARN_NON_LITERAL_NULL_CONVERSION = YES;
				CLANG_WARN_OBJC_IMPLICIT_RETAIN_SELF = YES;
				CLANG_WARN_OBJC_LITERAL_CONVERSION = YES;
				CLANG_WARN_OBJC_ROOT_CLASS = YES_ERROR;
				CLANG_WARN_RANGE_LOOP_ANALYSIS = YES;
				CLANG_WARN_STRICT_PROTOTYPES = YES;
				CLANG_WARN_SUSPICIOUS_MOVE = YES;
				CLANG_WARN_UNGUARDED_AVAILABILITY = YES_AGGRESSIVE;
				CLANG_WARN_UNREACHABLE_CODE = YES;
				CLANG_WARN__DUPLICATE_METHOD_MATCH = YES;
				CODE_SIGN_IDENTITY = "iPhone Developer";
				COPY_PHASE_STRIP = NO;
				DEBUG_INFORMATION_FORMAT = "dwarf-with-dsym";
				ENABLE_NS_ASSERTIONS = NO;
				ENABLE_STRICT_OBJC_MSGSEND = YES;
				GCC_C_LANGUAGE_STANDARD = gnu11;
				GCC_NO_COMMON_BLOCKS = YES;
				GCC_WARN_64_TO_32_BIT_CONVERSION = YES;
				GCC_WARN_ABOUT_RETURN_TYPE = YES_ERROR;
				GCC_WARN_UNDECLARED_SELECTOR = YES;
				GCC_WARN_UNINITIALIZED_AUTOS = YES_AGGRESSIVE;
				GCC_WARN_UNUSED_FUNCTION = YES;
				GCC_WARN_UNUSED_VARIABLE = YES;
				IPHONEOS_DEPLOYMENT_TARGET = 11.3;
				MTL_ENABLE_DEBUG_INFO = NO;
				SDKROOT = iphoneos;
				SWIFT_COMPILATION_MODE = wholemodule;
				SWIFT_OPTIMIZATION_LEVEL = "-O";
				VALIDATE_PRODUCT = YES;
			};
			name = Release;
		};
		907DEE8320AD362100FBEA6E /* Debug */ = {
			isa = XCBuildConfiguration;
			buildSettings = {
				ASSETCATALOG_COMPILER_APPICON_NAME = AppIcon;
				CODE_SIGN_STYLE = Automatic;
				DEVELOPMENT_TEAM = T3K2NN9NT9;
				INFOPLIST_FILE = RealEstateApp/Info.plist;
				LD_RUNPATH_SEARCH_PATHS = (
					"$(inherited)",
					"@executable_path/Frameworks",
				);
				PRODUCT_BUNDLE_IDENTIFIER = szv.RealEstateApp;
				PRODUCT_NAME = "$(TARGET_NAME)";
				SWIFT_VERSION = 4.0;
				TARGETED_DEVICE_FAMILY = "1,2";
			};
			name = Debug;
		};
		907DEE8420AD362100FBEA6E /* Release */ = {
			isa = XCBuildConfiguration;
			buildSettings = {
				ASSETCATALOG_COMPILER_APPICON_NAME = AppIcon;
				CODE_SIGN_STYLE = Automatic;
				DEVELOPMENT_TEAM = T3K2NN9NT9;
				INFOPLIST_FILE = RealEstateApp/Info.plist;
				LD_RUNPATH_SEARCH_PATHS = (
					"$(inherited)",
					"@executable_path/Frameworks",
				);
				PRODUCT_BUNDLE_IDENTIFIER = szv.RealEstateApp;
				PRODUCT_NAME = "$(TARGET_NAME)";
				SWIFT_VERSION = 4.0;
				TARGETED_DEVICE_FAMILY = "1,2";
			};
			name = Release;
		};
/* End XCBuildConfiguration section */

/* Begin XCConfigurationList section */
		907DEE6B20AD361E00FBEA6E /* Build configuration list for PBXProject "RealEstateApp" */ = {
			isa = XCConfigurationList;
			buildConfigurations = (
				907DEE8020AD362100FBEA6E /* Debug */,
				907DEE8120AD362100FBEA6E /* Release */,
			);
			defaultConfigurationIsVisible = 0;
			defaultConfigurationName = Release;
		};
		907DEE8220AD362100FBEA6E /* Build configuration list for PBXNativeTarget "RealEstateApp" */ = {
			isa = XCConfigurationList;
			buildConfigurations = (
				907DEE8320AD362100FBEA6E /* Debug */,
				907DEE8420AD362100FBEA6E /* Release */,
			);
			defaultConfigurationIsVisible = 0;
			defaultConfigurationName = Release;
		};
/* End XCConfigurationList section */
	};
	rootObject = 907DEE6820AD361E00FBEA6E /* Project object */;
}
